// !$*UTF8*$!
{
	archiveVersion = 1;
	classes = {
	};
	objectVersion = 56;
	objects = {

/* Begin PBXBuildFile section */
		4EA514E82C3F19AF00BBBCEC /* Run_ClubApp.swift in Sources */ = {isa = PBXBuildFile; fileRef = 4EA514E72C3F19AF00BBBCEC /* Run_ClubApp.swift */; };
		4EA514EA2C3F19AF00BBBCEC /* ContentView.swift in Sources */ = {isa = PBXBuildFile; fileRef = 4EA514E92C3F19AF00BBBCEC /* ContentView.swift */; };
		4EA514EC2C3F19B100BBBCEC /* Assets.xcassets in Resources */ = {isa = PBXBuildFile; fileRef = 4EA514EB2C3F19B100BBBCEC /* Assets.xcassets */; };
		4EA514F02C3F19B100BBBCEC /* Preview Assets.xcassets in Resources */ = {isa = PBXBuildFile; fileRef = 4EA514EF2C3F19B100BBBCEC /* Preview Assets.xcassets */; };
		4EA514FA2C3F19B100BBBCEC /* Run_ClubTests.swift in Sources */ = {isa = PBXBuildFile; fileRef = 4EA514F92C3F19B100BBBCEC /* Run_ClubTests.swift */; };
		4EA515042C3F19B100BBBCEC /* Run_ClubUITests.swift in Sources */ = {isa = PBXBuildFile; fileRef = 4EA515032C3F19B100BBBCEC /* Run_ClubUITests.swift */; };
		4EA515062C3F19B100BBBCEC /* Run_ClubUITestsLaunchTests.swift in Sources */ = {isa = PBXBuildFile; fileRef = 4EA515052C3F19B100BBBCEC /* Run_ClubUITestsLaunchTests.swift */; };
/* End PBXBuildFile section */

/* Begin PBXContainerItemProxy section */
		4EA514F62C3F19B100BBBCEC /* PBXContainerItemProxy */ = {
			isa = PBXContainerItemProxy;
			containerPortal = 4EA514DC2C3F19AF00BBBCEC /* Project object */;
			proxyType = 1;
			remoteGlobalIDString = 4EA514E32C3F19AF00BBBCEC;
			remoteInfo = "Run-Club";
		};
		4EA515002C3F19B100BBBCEC /* PBXContainerItemProxy */ = {
			isa = PBXContainerItemProxy;
			containerPortal = 4EA514DC2C3F19AF00BBBCEC /* Project object */;
			proxyType = 1;
			remoteGlobalIDString = 4EA514E32C3F19AF00BBBCEC;
			remoteInfo = "Run-Club";
		};
/* End PBXContainerItemProxy section */

/* Begin PBXFileReference section */
		4EA514E42C3F19AF00BBBCEC /* Run-Club.app */ = {isa = PBXFileReference; explicitFileType = wrapper.application; includeInIndex = 0; path = "Run-Club.app"; sourceTree = BUILT_PRODUCTS_DIR; };
		4EA514E72C3F19AF00BBBCEC /* Run_ClubApp.swift */ = {isa = PBXFileReference; lastKnownFileType = sourcecode.swift; path = Run_ClubApp.swift; sourceTree = "<group>"; };
		4EA514E92C3F19AF00BBBCEC /* ContentView.swift */ = {isa = PBXFileReference; lastKnownFileType = sourcecode.swift; path = ContentView.swift; sourceTree = "<group>"; };
		4EA514EB2C3F19B100BBBCEC /* Assets.xcassets */ = {isa = PBXFileReference; lastKnownFileType = folder.assetcatalog; path = Assets.xcassets; sourceTree = "<group>"; };
		4EA514ED2C3F19B100BBBCEC /* Run_Club.entitlements */ = {isa = PBXFileReference; lastKnownFileType = text.plist.entitlements; path = Run_Club.entitlements; sourceTree = "<group>"; };
		4EA514EF2C3F19B100BBBCEC /* Preview Assets.xcassets */ = {isa = PBXFileReference; lastKnownFileType = folder.assetcatalog; path = "Preview Assets.xcassets"; sourceTree = "<group>"; };
		4EA514F52C3F19B100BBBCEC /* Run-ClubTests.xctest */ = {isa = PBXFileReference; explicitFileType = wrapper.cfbundle; includeInIndex = 0; path = "Run-ClubTests.xctest"; sourceTree = BUILT_PRODUCTS_DIR; };
		4EA514F92C3F19B100BBBCEC /* Run_ClubTests.swift */ = {isa = PBXFileReference; lastKnownFileType = sourcecode.swift; path = Run_ClubTests.swift; sourceTree = "<group>"; };
		4EA514FF2C3F19B100BBBCEC /* Run-ClubUITests.xctest */ = {isa = PBXFileReference; explicitFileType = wrapper.cfbundle; includeInIndex = 0; path = "Run-ClubUITests.xctest"; sourceTree = BUILT_PRODUCTS_DIR; };
		4EA515032C3F19B100BBBCEC /* Run_ClubUITests.swift */ = {isa = PBXFileReference; lastKnownFileType = sourcecode.swift; path = Run_ClubUITests.swift; sourceTree = "<group>"; };
		4EA515052C3F19B100BBBCEC /* Run_ClubUITestsLaunchTests.swift */ = {isa = PBXFileReference; lastKnownFileType = sourcecode.swift; path = Run_ClubUITestsLaunchTests.swift; sourceTree = "<group>"; };
/* End PBXFileReference section */

/* Begin PBXFrameworksBuildPhase section */
		4EA514E12C3F19AF00BBBCEC /* Frameworks */ = {
			isa = PBXFrameworksBuildPhase;
			buildActionMask = 2147483647;
			files = (
			);
			runOnlyForDeploymentPostprocessing = 0;
		};
		4EA514F22C3F19B100BBBCEC /* Frameworks */ = {
			isa = PBXFrameworksBuildPhase;
			buildActionMask = 2147483647;
			files = (
			);
			runOnlyForDeploymentPostprocessing = 0;
		};
		4EA514FC2C3F19B100BBBCEC /* Frameworks */ = {
			isa = PBXFrameworksBuildPhase;
			buildActionMask = 2147483647;
			files = (
			);
			runOnlyForDeploymentPostprocessing = 0;
		};
/* End PBXFrameworksBuildPhase section */

/* Begin PBXGroup section */
		4EA514DB2C3F19AF00BBBCEC = {
			isa = PBXGroup;
			children = (
				4EA514E62C3F19AF00BBBCEC /* Run-Club */,
				4EA514F82C3F19B100BBBCEC /* Run-ClubTests */,
				4EA515022C3F19B100BBBCEC /* Run-ClubUITests */,
				4EA514E52C3F19AF00BBBCEC /* Products */,
			);
			sourceTree = "<group>";
		};
		4EA514E52C3F19AF00BBBCEC /* Products */ = {
			isa = PBXGroup;
			children = (
				4EA514E42C3F19AF00BBBCEC /* Run-Club.app */,
				4EA514F52C3F19B100BBBCEC /* Run-ClubTests.xctest */,
				4EA514FF2C3F19B100BBBCEC /* Run-ClubUITests.xctest */,
			);
			name = Products;
			sourceTree = "<group>";
		};
		4EA514E62C3F19AF00BBBCEC /* Run-Club */ = {
			isa = PBXGroup;
			children = (
				4EA514E72C3F19AF00BBBCEC /* Run_ClubApp.swift */,
				4EA514E92C3F19AF00BBBCEC /* ContentView.swift */,
				4EA514EB2C3F19B100BBBCEC /* Assets.xcassets */,
				4EA514ED2C3F19B100BBBCEC /* Run_Club.entitlements */,
				4EA514EE2C3F19B100BBBCEC /* Preview Content */,
			);
			path = "Run-Club";
			sourceTree = "<group>";
		};
		4EA514EE2C3F19B100BBBCEC /* Preview Content */ = {
			isa = PBXGroup;
			children = (
				4EA514EF2C3F19B100BBBCEC /* Preview Assets.xcassets */,
			);
			path = "Preview Content";
			sourceTree = "<group>";
		};
		4EA514F82C3F19B100BBBCEC /* Run-ClubTests */ = {
			isa = PBXGroup;
			children = (
				4EA514F92C3F19B100BBBCEC /* Run_ClubTests.swift */,
			);
			path = "Run-ClubTests";
			sourceTree = "<group>";
		};
		4EA515022C3F19B100BBBCEC /* Run-ClubUITests */ = {
			isa = PBXGroup;
			children = (
				4EA515032C3F19B100BBBCEC /* Run_ClubUITests.swift */,
				4EA515052C3F19B100BBBCEC /* Run_ClubUITestsLaunchTests.swift */,
			);
			path = "Run-ClubUITests";
			sourceTree = "<group>";
		};
/* End PBXGroup section */

/* Begin PBXNativeTarget section */
		4EA514E32C3F19AF00BBBCEC /* Run-Club */ = {
			isa = PBXNativeTarget;
			buildConfigurationList = 4EA515092C3F19B100BBBCEC /* Build configuration list for PBXNativeTarget "Run-Club" */;
			buildPhases = (
				4EA514E02C3F19AF00BBBCEC /* Sources */,
				4EA514E12C3F19AF00BBBCEC /* Frameworks */,
				4EA514E22C3F19AF00BBBCEC /* Resources */,
			);
			buildRules = (
			);
			dependencies = (
			);
			name = "Run-Club";
			productName = "Run-Club";
			productReference = 4EA514E42C3F19AF00BBBCEC /* Run-Club.app */;
			productType = "com.apple.product-type.application";
		};
		4EA514F42C3F19B100BBBCEC /* Run-ClubTests */ = {
			isa = PBXNativeTarget;
			buildConfigurationList = 4EA5150C2C3F19B100BBBCEC /* Build configuration list for PBXNativeTarget "Run-ClubTests" */;
			buildPhases = (
				4EA514F12C3F19B100BBBCEC /* Sources */,
				4EA514F22C3F19B100BBBCEC /* Frameworks */,
				4EA514F32C3F19B100BBBCEC /* Resources */,
			);
			buildRules = (
			);
			dependencies = (
				4EA514F72C3F19B100BBBCEC /* PBXTargetDependency */,
			);
			name = "Run-ClubTests";
			productName = "Run-ClubTests";
			productReference = 4EA514F52C3F19B100BBBCEC /* Run-ClubTests.xctest */;
			productType = "com.apple.product-type.bundle.unit-test";
		};
		4EA514FE2C3F19B100BBBCEC /* Run-ClubUITests */ = {
			isa = PBXNativeTarget;
			buildConfigurationList = 4EA5150F2C3F19B100BBBCEC /* Build configuration list for PBXNativeTarget "Run-ClubUITests" */;
			buildPhases = (
				4EA514FB2C3F19B100BBBCEC /* Sources */,
				4EA514FC2C3F19B100BBBCEC /* Frameworks */,
				4EA514FD2C3F19B100BBBCEC /* Resources */,
			);
			buildRules = (
			);
			dependencies = (
				4EA515012C3F19B100BBBCEC /* PBXTargetDependency */,
			);
			name = "Run-ClubUITests";
			productName = "Run-ClubUITests";
			productReference = 4EA514FF2C3F19B100BBBCEC /* Run-ClubUITests.xctest */;
			productType = "com.apple.product-type.bundle.ui-testing";
		};
/* End PBXNativeTarget section */

/* Begin PBXProject section */
		4EA514DC2C3F19AF00BBBCEC /* Project object */ = {
			isa = PBXProject;
			attributes = {
				BuildIndependentTargetsInParallel = 1;
				LastSwiftUpdateCheck = 1540;
				LastUpgradeCheck = 1540;
				TargetAttributes = {
					4EA514E32C3F19AF00BBBCEC = {
						CreatedOnToolsVersion = 15.4;
					};
					4EA514F42C3F19B100BBBCEC = {
						CreatedOnToolsVersion = 15.4;
						TestTargetID = 4EA514E32C3F19AF00BBBCEC;
					};
					4EA514FE2C3F19B100BBBCEC = {
						CreatedOnToolsVersion = 15.4;
						TestTargetID = 4EA514E32C3F19AF00BBBCEC;
					};
				};
			};
			buildConfigurationList = 4EA514DF2C3F19AF00BBBCEC /* Build configuration list for PBXProject "Run-Club" */;
			compatibilityVersion = "Xcode 14.0";
			developmentRegion = en;
			hasScannedForEncodings = 0;
			knownRegions = (
				en,
				Base,
			);
			mainGroup = 4EA514DB2C3F19AF00BBBCEC;
			productRefGroup = 4EA514E52C3F19AF00BBBCEC /* Products */;
			projectDirPath = "";
			projectRoot = "";
			targets = (
				4EA514E32C3F19AF00BBBCEC /* Run-Club */,
				4EA514F42C3F19B100BBBCEC /* Run-ClubTests */,
				4EA514FE2C3F19B100BBBCEC /* Run-ClubUITests */,
			);
		};
/* End PBXProject section */

/* Begin PBXResourcesBuildPhase section */
		4EA514E22C3F19AF00BBBCEC /* Resources */ = {
			isa = PBXResourcesBuildPhase;
			buildActionMask = 2147483647;
			files = (
				4EA514F02C3F19B100BBBCEC /* Preview Assets.xcassets in Resources */,
				4EA514EC2C3F19B100BBBCEC /* Assets.xcassets in Resources */,
			);
			runOnlyForDeploymentPostprocessing = 0;
		};
		4EA514F32C3F19B100BBBCEC /* Resources */ = {
			isa = PBXResourcesBuildPhase;
			buildActionMask = 2147483647;
			files = (
			);
			runOnlyForDeploymentPostprocessing = 0;
		};
		4EA514FD2C3F19B100BBBCEC /* Resources */ = {
			isa = PBXResourcesBuildPhase;
			buildActionMask = 2147483647;
			files = (
			);
			runOnlyForDeploymentPostprocessing = 0;
		};
/* End PBXResourcesBuildPhase section */

/* Begin PBXSourcesBuildPhase section */
		4EA514E02C3F19AF00BBBCEC /* Sources */ = {
			isa = PBXSourcesBuildPhase;
			buildActionMask = 2147483647;
			files = (
				4EA514EA2C3F19AF00BBBCEC /* ContentView.swift in Sources */,
				4EA514E82C3F19AF00BBBCEC /* Run_ClubApp.swift in Sources */,
			);
			runOnlyForDeploymentPostprocessing = 0;
		};
		4EA514F12C3F19B100BBBCEC /* Sources */ = {
			isa = PBXSourcesBuildPhase;
			buildActionMask = 2147483647;
			files = (
				4EA514FA2C3F19B100BBBCEC /* Run_ClubTests.swift in Sources */,
			);
			runOnlyForDeploymentPostprocessing = 0;
		};
		4EA514FB2C3F19B100BBBCEC /* Sources */ = {
			isa = PBXSourcesBuildPhase;
			buildActionMask = 2147483647;
			files = (
				4EA515062C3F19B100BBBCEC /* Run_ClubUITestsLaunchTests.swift in Sources */,
				4EA515042C3F19B100BBBCEC /* Run_ClubUITests.swift in Sources */,
			);
			runOnlyForDeploymentPostprocessing = 0;
		};
/* End PBXSourcesBuildPhase section */

/* Begin PBXTargetDependency section */
		4EA514F72C3F19B100BBBCEC /* PBXTargetDependency */ = {
			isa = PBXTargetDependency;
			target = 4EA514E32C3F19AF00BBBCEC /* Run-Club */;
			targetProxy = 4EA514F62C3F19B100BBBCEC /* PBXContainerItemProxy */;
		};
		4EA515012C3F19B100BBBCEC /* PBXTargetDependency */ = {
			isa = PBXTargetDependency;
			target = 4EA514E32C3F19AF00BBBCEC /* Run-Club */;
			targetProxy = 4EA515002C3F19B100BBBCEC /* PBXContainerItemProxy */;
		};
/* End PBXTargetDependency section */

/* Begin XCBuildConfiguration section */
		4EA515072C3F19B100BBBCEC /* Debug */ = {
			isa = XCBuildConfiguration;
			buildSettings = {
				ALWAYS_SEARCH_USER_PATHS = NO;
				ASSETCATALOG_COMPILER_GENERATE_SWIFT_ASSET_SYMBOL_EXTENSIONS = YES;
				CLANG_ANALYZER_NONNULL = YES;
				CLANG_ANALYZER_NUMBER_OBJECT_CONVERSION = YES_AGGRESSIVE;
				CLANG_CXX_LANGUAGE_STANDARD = "gnu++20";
				CLANG_ENABLE_MODULES = YES;
				CLANG_ENABLE_OBJC_ARC = YES;
				CLANG_ENABLE_OBJC_WEAK = YES;
				CLANG_WARN_BLOCK_CAPTURE_AUTORELEASING = YES;
				CLANG_WARN_BOOL_CONVERSION = YES;
				CLANG_WARN_COMMA = YES;
				CLANG_WARN_CONSTANT_CONVERSION = YES;
				CLANG_WARN_DEPRECATED_OBJC_IMPLEMENTATIONS = YES;
				CLANG_WARN_DIRECT_OBJC_ISA_USAGE = YES_ERROR;
				CLANG_WARN_DOCUMENTATION_COMMENTS = YES;
				CLANG_WARN_EMPTY_BODY = YES;
				CLANG_WARN_ENUM_CONVERSION = YES;
				CLANG_WARN_INFINITE_RECURSION = YES;
				CLANG_WARN_INT_CONVERSION = YES;
				CLANG_WARN_NON_LITERAL_NULL_CONVERSION = YES;
				CLANG_WARN_OBJC_IMPLICIT_RETAIN_SELF = YES;
				CLANG_WARN_OBJC_LITERAL_CONVERSION = YES;
				CLANG_WARN_OBJC_ROOT_CLASS = YES_ERROR;
				CLANG_WARN_QUOTED_INCLUDE_IN_FRAMEWORK_HEADER = YES;
				CLANG_WARN_RANGE_LOOP_ANALYSIS = YES;
				CLANG_WARN_STRICT_PROTOTYPES = YES;
				CLANG_WARN_SUSPICIOUS_MOVE = YES;
				CLANG_WARN_UNGUARDED_AVAILABILITY = YES_AGGRESSIVE;
				CLANG_WARN_UNREACHABLE_CODE = YES;
				CLANG_WARN__DUPLICATE_METHOD_MATCH = YES;
				COPY_PHASE_STRIP = NO;
				DEBUG_INFORMATION_FORMAT = dwarf;
				ENABLE_STRICT_OBJC_MSGSEND = YES;
				ENABLE_TESTABILITY = YES;
				ENABLE_USER_SCRIPT_SANDBOXING = YES;
				GCC_C_LANGUAGE_STANDARD = gnu17;
				GCC_DYNAMIC_NO_PIC = NO;
				GCC_NO_COMMON_BLOCKS = YES;
				GCC_OPTIMIZATION_LEVEL = 0;
				GCC_PREPROCESSOR_DEFINITIONS = (
					"DEBUG=1",
					"$(inherited)",
				);
				GCC_WARN_64_TO_32_BIT_CONVERSION = YES;
				GCC_WARN_ABOUT_RETURN_TYPE = YES_ERROR;
				GCC_WARN_UNDECLARED_SELECTOR = YES;
				GCC_WARN_UNINITIALIZED_AUTOS = YES_AGGRESSIVE;
				GCC_WARN_UNUSED_FUNCTION = YES;
				GCC_WARN_UNUSED_VARIABLE = YES;
				LOCALIZATION_PREFERS_STRING_CATALOGS = YES;
				MTL_ENABLE_DEBUG_INFO = INCLUDE_SOURCE;
				MTL_FAST_MATH = YES;
				ONLY_ACTIVE_ARCH = YES;
				SWIFT_ACTIVE_COMPILATION_CONDITIONS = "DEBUG $(inherited)";
				SWIFT_OPTIMIZATION_LEVEL = "-Onone";
			};
			name = Debug;
		};
		4EA515082C3F19B100BBBCEC /* Release */ = {
			isa = XCBuildConfiguration;
			buildSettings = {
				ALWAYS_SEARCH_USER_PATHS = NO;
				ASSETCATALOG_COMPILER_GENERATE_SWIFT_ASSET_SYMBOL_EXTENSIONS = YES;
				CLANG_ANALYZER_NONNULL = YES;
				CLANG_ANALYZER_NUMBER_OBJECT_CONVERSION = YES_AGGRESSIVE;
				CLANG_CXX_LANGUAGE_STANDARD = "gnu++20";
				CLANG_ENABLE_MODULES = YES;
				CLANG_ENABLE_OBJC_ARC = YES;
				CLANG_ENABLE_OBJC_WEAK = YES;
				CLANG_WARN_BLOCK_CAPTURE_AUTORELEASING = YES;
				CLANG_WARN_BOOL_CONVERSION = YES;
				CLANG_WARN_COMMA = YES;
				CLANG_WARN_CONSTANT_CONVERSION = YES;
				CLANG_WARN_DEPRECATED_OBJC_IMPLEMENTATIONS = YES;
				CLANG_WARN_DIRECT_OBJC_ISA_USAGE = YES_ERROR;
				CLANG_WARN_DOCUMENTATION_COMMENTS = YES;
				CLANG_WARN_EMPTY_BODY = YES;
				CLANG_WARN_ENUM_CONVERSION = YES;
				CLANG_WARN_INFINITE_RECURSION = YES;
				CLANG_WARN_INT_CONVERSION = YES;
				CLANG_WARN_NON_LITERAL_NULL_CONVERSION = YES;
				CLANG_WARN_OBJC_IMPLICIT_RETAIN_SELF = YES;
				CLANG_WARN_OBJC_LITERAL_CONVERSION = YES;
				CLANG_WARN_OBJC_ROOT_CLASS = YES_ERROR;
				CLANG_WARN_QUOTED_INCLUDE_IN_FRAMEWORK_HEADER = YES;
				CLANG_WARN_RANGE_LOOP_ANALYSIS = YES;
				CLANG_WARN_STRICT_PROTOTYPES = YES;
				CLANG_WARN_SUSPICIOUS_MOVE = YES;
				CLANG_WARN_UNGUARDED_AVAILABILITY = YES_AGGRESSIVE;
				CLANG_WARN_UNREACHABLE_CODE = YES;
				CLANG_WARN__DUPLICATE_METHOD_MATCH = YES;
				COPY_PHASE_STRIP = NO;
				DEBUG_INFORMATION_FORMAT = "dwarf-with-dsym";
				ENABLE_NS_ASSERTIONS = NO;
				ENABLE_STRICT_OBJC_MSGSEND = YES;
				ENABLE_USER_SCRIPT_SANDBOXING = YES;
				GCC_C_LANGUAGE_STANDARD = gnu17;
				GCC_NO_COMMON_BLOCKS = YES;
				GCC_WARN_64_TO_32_BIT_CONVERSION = YES;
				GCC_WARN_ABOUT_RETURN_TYPE = YES_ERROR;
				GCC_WARN_UNDECLARED_SELECTOR = YES;
				GCC_WARN_UNINITIALIZED_AUTOS = YES_AGGRESSIVE;
				GCC_WARN_UNUSED_FUNCTION = YES;
				GCC_WARN_UNUSED_VARIABLE = YES;
				LOCALIZATION_PREFERS_STRING_CATALOGS = YES;
				MTL_ENABLE_DEBUG_INFO = NO;
				MTL_FAST_MATH = YES;
				SWIFT_COMPILATION_MODE = wholemodule;
			};
			name = Release;
		};
		4EA5150A2C3F19B100BBBCEC /* Debug */ = {
			isa = XCBuildConfiguration;
			buildSettings = {
				ASSETCATALOG_COMPILER_APPICON_NAME = AppIcon;
				ASSETCATALOG_COMPILER_GLOBAL_ACCENT_COLOR_NAME = AccentColor;
				CODE_SIGN_ENTITLEMENTS = "Run-Club/Run_Club.entitlements";
				CODE_SIGN_STYLE = Automatic;
				CURRENT_PROJECT_VERSION = 1;
				DEVELOPMENT_ASSET_PATHS = "\"Run-Club/Preview Content\"";
				DEVELOPMENT_TEAM = W6WJG5PTAW;
				ENABLE_HARDENED_RUNTIME = YES;
				ENABLE_PREVIEWS = YES;
				GENERATE_INFOPLIST_FILE = YES;
				"INFOPLIST_KEY_UIApplicationSceneManifest_Generation[sdk=iphoneos*]" = YES;
				"INFOPLIST_KEY_UIApplicationSceneManifest_Generation[sdk=iphonesimulator*]" = YES;
				"INFOPLIST_KEY_UIApplicationSupportsIndirectInputEvents[sdk=iphoneos*]" = YES;
				"INFOPLIST_KEY_UIApplicationSupportsIndirectInputEvents[sdk=iphonesimulator*]" = YES;
				"INFOPLIST_KEY_UILaunchScreen_Generation[sdk=iphoneos*]" = YES;
				"INFOPLIST_KEY_UILaunchScreen_Generation[sdk=iphonesimulator*]" = YES;
				"INFOPLIST_KEY_UIStatusBarStyle[sdk=iphoneos*]" = UIStatusBarStyleDefault;
				"INFOPLIST_KEY_UIStatusBarStyle[sdk=iphonesimulator*]" = UIStatusBarStyleDefault;
				INFOPLIST_KEY_UISupportedInterfaceOrientations_iPad = "UIInterfaceOrientationPortrait UIInterfaceOrientationPortraitUpsideDown UIInterfaceOrientationLandscapeLeft UIInterfaceOrientationLandscapeRight";
				INFOPLIST_KEY_UISupportedInterfaceOrientations_iPhone = "UIInterfaceOrientationPortrait UIInterfaceOrientationLandscapeLeft UIInterfaceOrientationLandscapeRight";
				IPHONEOS_DEPLOYMENT_TARGET = 17.5;
				LD_RUNPATH_SEARCH_PATHS = "@executable_path/Frameworks";
				"LD_RUNPATH_SEARCH_PATHS[sdk=macosx*]" = "@executable_path/../Frameworks";
				MACOSX_DEPLOYMENT_TARGET = 14.5;
				MARKETING_VERSION = 1.0;
				PRODUCT_BUNDLE_IDENTIFIER = "Murphy.Run-Club";
				PRODUCT_NAME = "$(TARGET_NAME)";
				SDKROOT = auto;
				SUPPORTED_PLATFORMS = "iphoneos iphonesimulator macosx";
				SWIFT_EMIT_LOC_STRINGS = YES;
				SWIFT_VERSION = 5.0;
				TARGETED_DEVICE_FAMILY = "1,2";
			};
			name = Debug;
		};
		4EA5150B2C3F19B100BBBCEC /* Release */ = {
			isa = XCBuildConfiguration;
			buildSettings = {
				ASSETCATALOG_COMPILER_APPICON_NAME = AppIcon;
				ASSETCATALOG_COMPILER_GLOBAL_ACCENT_COLOR_NAME = AccentColor;
				CODE_SIGN_ENTITLEMENTS = "Run-Club/Run_Club.entitlements";
				CODE_SIGN_STYLE = Automatic;
				CURRENT_PROJECT_VERSION = 1;
				DEVELOPMENT_ASSET_PATHS = "\"Run-Club/Preview Content\"";
				DEVELOPMENT_TEAM = W6WJG5PTAW;
				ENABLE_HARDENED_RUNTIME = YES;
				ENABLE_PREVIEWS = YES;
				GENERATE_INFOPLIST_FILE = YES;
				"INFOPLIST_KEY_UIApplicationSceneManifest_Generation[sdk=iphoneos*]" = YES;
				"INFOPLIST_KEY_UIApplicationSceneManifest_Generation[sdk=iphonesimulator*]" = YES;
				"INFOPLIST_KEY_UIApplicationSupportsIndirectInputEvents[sdk=iphoneos*]" = YES;
				"INFOPLIST_KEY_UIApplicationSupportsIndirectInputEvents[sdk=iphonesimulator*]" = YES;
				"INFOPLIST_KEY_UILaunchScreen_Generation[sdk=iphoneos*]" = YES;
				"INFOPLIST_KEY_UILaunchScreen_Generation[sdk=iphonesimulator*]" = YES;
				"INFOPLIST_KEY_UIStatusBarStyle[sdk=iphoneos*]" = UIStatusBarStyleDefault;
				"INFOPLIST_KEY_UIStatusBarStyle[sdk=iphonesimulator*]" = UIStatusBarStyleDefault;
				INFOPLIST_KEY_UISupportedInterfaceOrientations_iPad = "UIInterfaceOrientationPortrait UIInterfaceOrientationPortraitUpsideDown UIInterfaceOrientationLandscapeLeft UIInterfaceOrientationLandscapeRight";
				INFOPLIST_KEY_UISupportedInterfaceOrientations_iPhone = "UIInterfaceOrientationPortrait UIInterfaceOrientationLandscapeLeft UIInterfaceOrientationLandscapeRight";
				IPHONEOS_DEPLOYMENT_TARGET = 17.5;
				LD_RUNPATH_SEARCH_PATHS = "@executable_path/Frameworks";
				"LD_RUNPATH_SEARCH_PATHS[sdk=macosx*]" = "@executable_path/../Frameworks";
				MACOSX_DEPLOYMENT_TARGET = 14.5;
				MARKETING_VERSION = 1.0;
				PRODUCT_BUNDLE_IDENTIFIER = "Murphy.Run-Club";
				PRODUCT_NAME = "$(TARGET_NAME)";
				SDKROOT = auto;
				SUPPORTED_PLATFORMS = "iphoneos iphonesimulator macosx";
				SWIFT_EMIT_LOC_STRINGS = YES;
				SWIFT_VERSION = 5.0;
				TARGETED_DEVICE_FAMILY = "1,2";
			};
			name = Release;
		};
		4EA5150D2C3F19B100BBBCEC /* Debug */ = {
			isa = XCBuildConfiguration;
			buildSettings = {
				ALWAYS_EMBED_SWIFT_STANDARD_LIBRARIES = YES;
				BUNDLE_LOADER = "$(TEST_HOST)";
				CODE_SIGN_STYLE = Automatic;
				CURRENT_PROJECT_VERSION = 1;
				DEVELOPMENT_TEAM = W6WJG5PTAW;
				GENERATE_INFOPLIST_FILE = YES;
				IPHONEOS_DEPLOYMENT_TARGET = 17.5;
				MACOSX_DEPLOYMENT_TARGET = 14.5;
				MARKETING_VERSION = 1.0;
				PRODUCT_BUNDLE_IDENTIFIER = "Murphy.Run-ClubTests";
				PRODUCT_NAME = "$(TARGET_NAME)";
				SDKROOT = auto;
				SUPPORTED_PLATFORMS = "iphoneos iphonesimulator macosx";
				SWIFT_EMIT_LOC_STRINGS = NO;
				SWIFT_VERSION = 5.0;
				TARGETED_DEVICE_FAMILY = "1,2";
				TEST_HOST = "$(BUILT_PRODUCTS_DIR)/Run-Club.app/$(BUNDLE_EXECUTABLE_FOLDER_PATH)/Run-Club";
			};
			name = Debug;
		};
		4EA5150E2C3F19B100BBBCEC /* Release */ = {
			isa = XCBuildConfiguration;
			buildSettings = {
				ALWAYS_EMBED_SWIFT_STANDARD_LIBRARIES = YES;
				BUNDLE_LOADER = "$(TEST_HOST)";
				CODE_SIGN_STYLE = Automatic;
				CURRENT_PROJECT_VERSION = 1;
				DEVELOPMENT_TEAM = W6WJG5PTAW;
				GENERATE_INFOPLIST_FILE = YES;
				IPHONEOS_DEPLOYMENT_TARGET = 17.5;
				MACOSX_DEPLOYMENT_TARGET = 14.5;
				MARKETING_VERSION = 1.0;
				PRODUCT_BUNDLE_IDENTIFIER = "Murphy.Run-ClubTests";
				PRODUCT_NAME = "$(TARGET_NAME)";
				SDKROOT = auto;
				SUPPORTED_PLATFORMS = "iphoneos iphonesimulator macosx";
				SWIFT_EMIT_LOC_STRINGS = NO;
				SWIFT_VERSION = 5.0;
				TARGETED_DEVICE_FAMILY = "1,2";
				TEST_HOST = "$(BUILT_PRODUCTS_DIR)/Run-Club.app/$(BUNDLE_EXECUTABLE_FOLDER_PATH)/Run-Club";
			};
			name = Release;
		};
		4EA515102C3F19B100BBBCEC /* Debug */ = {
			isa = XCBuildConfiguration;
			buildSettings = {
				ALWAYS_EMBED_SWIFT_STANDARD_LIBRARIES = YES;
				CODE_SIGN_STYLE = Automatic;
				CURRENT_PROJECT_VERSION = 1;
				DEVELOPMENT_TEAM = W6WJG5PTAW;
				GENERATE_INFOPLIST_FILE = YES;
				IPHONEOS_DEPLOYMENT_TARGET = 17.5;
				MACOSX_DEPLOYMENT_TARGET = 14.5;
				MARKETING_VERSION = 1.0;
				PRODUCT_BUNDLE_IDENTIFIER = "Murphy.Run-ClubUITests";
				PRODUCT_NAME = "$(TARGET_NAME)";
				SDKROOT = auto;
				SUPPORTED_PLATFORMS = "iphoneos iphonesimulator macosx";
				SWIFT_EMIT_LOC_STRINGS = NO;
				SWIFT_VERSION = 5.0;
				TARGETED_DEVICE_FAMILY = "1,2";
				TEST_TARGET_NAME = "Run-Club";
			};
			name = Debug;
		};
		4EA515112C3F19B100BBBCEC /* Release */ = {
			isa = XCBuildConfiguration;
			buildSettings = {
				ALWAYS_EMBED_SWIFT_STANDARD_LIBRARIES = YES;
				CODE_SIGN_STYLE = Automatic;
				CURRENT_PROJECT_VERSION = 1;
				DEVELOPMENT_TEAM = W6WJG5PTAW;
				GENERATE_INFOPLIST_FILE = YES;
				IPHONEOS_DEPLOYMENT_TARGET = 17.5;
				MACOSX_DEPLOYMENT_TARGET = 14.5;
				MARKETING_VERSION = 1.0;
				PRODUCT_BUNDLE_IDENTIFIER = "Murphy.Run-ClubUITests";
				PRODUCT_NAME = "$(TARGET_NAME)";
				SDKROOT = auto;
				SUPPORTED_PLATFORMS = "iphoneos iphonesimulator macosx";
				SWIFT_EMIT_LOC_STRINGS = NO;
				SWIFT_VERSION = 5.0;
				TARGETED_DEVICE_FAMILY = "1,2";
				TEST_TARGET_NAME = "Run-Club";
			};
			name = Release;
		};
/* End XCBuildConfiguration section */

/* Begin XCConfigurationList section */
		4EA514DF2C3F19AF00BBBCEC /* Build configuration list for PBXProject "Run-Club" */ = {
			isa = XCConfigurationList;
			buildConfigurations = (
				4EA515072C3F19B100BBBCEC /* Debug */,
				4EA515082C3F19B100BBBCEC /* Release */,
			);
			defaultConfigurationIsVisible = 0;
			defaultConfigurationName = Release;
		};
		4EA515092C3F19B100BBBCEC /* Build configuration list for PBXNativeTarget "Run-Club" */ = {
			isa = XCConfigurationList;
			buildConfigurations = (
				4EA5150A2C3F19B100BBBCEC /* Debug */,
				4EA5150B2C3F19B100BBBCEC /* Release */,
			);
			defaultConfigurationIsVisible = 0;
			defaultConfigurationName = Release;
		};
		4EA5150C2C3F19B100BBBCEC /* Build configuration list for PBXNativeTarget "Run-ClubTests" */ = {
			isa = XCConfigurationList;
			buildConfigurations = (
				4EA5150D2C3F19B100BBBCEC /* Debug */,
				4EA5150E2C3F19B100BBBCEC /* Release */,
			);
			defaultConfigurationIsVisible = 0;
			defaultConfigurationName = Release;
		};
		4EA5150F2C3F19B100BBBCEC /* Build configuration list for PBXNativeTarget "Run-ClubUITests" */ = {
			isa = XCConfigurationList;
			buildConfigurations = (
				4EA515102C3F19B100BBBCEC /* Debug */,
				4EA515112C3F19B100BBBCEC /* Release */,
			);
			defaultConfigurationIsVisible = 0;
			defaultConfigurationName = Release;
		};
/* End XCConfigurationList section */
	};
	rootObject = 4EA514DC2C3F19AF00BBBCEC /* Project object */;
}
